
Microsoft Visual Studio Solution File, Format Version 12.00
# Visual Studio Version 17
VisualStudioVersion = 17.1.32328.378
MinimumVisualStudioVersion = 10.0.40219.1
Project("{FAE04EC0-301F-11D3-BF4B-00C04F79EFBC}") = "RedisCacheDemo", "ConsoleAppWithAppSettingsAndProgramDe-Minified1\RedisCacheDemo.csproj", "{F52677F0-7B66-407F-94EA-84ECFD61423D}"
EndProject
Global
	GlobalSection(SolutionConfigurationPlatforms) = preSolution
		Debug|Any CPU = Debug|Any CPU
		Release|Any CPU = Release|Any CPU
	EndGlobalSection
	GlobalSection(ProjectConfigurationPlatforms) = postSolution
		{F52677F0-7B66-407F-94EA-84ECFD61423D}.Debug|Any CPU.ActiveCfg = Debug|Any CPU
		{F52677F0-7B66-407F-94EA-84ECFD61423D}.Debug|Any CPU.Build.0 = Debug|Any CPU
		{F52677F0-7B66-407F-94EA-84ECFD61423D}.Release|Any CPU.ActiveCfg = Release|Any CPU
		{F52677F0-7B66-407F-94EA-84ECFD61423D}.Release|Any CPU.Build.0 = Release|Any CPU
	EndGlobalSection
	GlobalSection(SolutionProperties) = preSolution
		HideSolutionNode = FALSE
	EndGlobalSection
	GlobalSection(ExtensibilityGlobals) = postSolution
		SolutionGuid = {E9EFCEE3-2A0C-4CF8-9AFE-EC867D5884D6}
	EndGlobalSection
EndGlobal
