
Microsoft Visual Studio Solution File, Format Version 12.00
# Visual Studio Version 17
VisualStudioVersion = 17.1.32328.378
MinimumVisualStudioVersion = 10.0.40219.1
Project("{FAE04EC0-301F-11D3-BF4B-00C04F79EFBC}") = "RedisPubSubPublisher", "RedisPubSubAndStreaming\RedisPubSubPublisher.csproj", "{DFC23960-C6A8-4FDF-966D-251F69B8F8C5}"
EndProject
Project("{FAE04EC0-301F-11D3-BF4B-00C04F79EFBC}") = "RedisPubSubConsumer", "RedisPubSubConsumer\RedisPubSubConsumer.csproj", "{524480C3-4B5D-4CBC-B3FC-86887926F5EF}"
EndProject
Project("{FAE04EC0-301F-11D3-BF4B-00C04F79EFBC}") = "RedisPubSubModels", "RedisPubSubModels\RedisPubSubModels.csproj", "{D3A807C6-3E31-44AA-8207-BE1B2FC6D04D}"
EndProject
Global
	GlobalSection(SolutionConfigurationPlatforms) = preSolution
		Debug|Any CPU = Debug|Any CPU
		Release|Any CPU = Release|Any CPU
	EndGlobalSection
	GlobalSection(ProjectConfigurationPlatforms) = postSolution
		{DFC23960-C6A8-4FDF-966D-251F69B8F8C5}.Debug|Any CPU.ActiveCfg = Debug|Any CPU
		{DFC23960-C6A8-4FDF-966D-251F69B8F8C5}.Debug|Any CPU.Build.0 = Debug|Any CPU
		{DFC23960-C6A8-4FDF-966D-251F69B8F8C5}.Release|Any CPU.ActiveCfg = Release|Any CPU
		{DFC23960-C6A8-4FDF-966D-251F69B8F8C5}.Release|Any CPU.Build.0 = Release|Any CPU
		{524480C3-4B5D-4CBC-B3FC-86887926F5EF}.Debug|Any CPU.ActiveCfg = Debug|Any CPU
		{524480C3-4B5D-4CBC-B3FC-86887926F5EF}.Debug|Any CPU.Build.0 = Debug|Any CPU
		{524480C3-4B5D-4CBC-B3FC-86887926F5EF}.Release|Any CPU.ActiveCfg = Release|Any CPU
		{524480C3-4B5D-4CBC-B3FC-86887926F5EF}.Release|Any CPU.Build.0 = Release|Any CPU
		{D3A807C6-3E31-44AA-8207-BE1B2FC6D04D}.Debug|Any CPU.ActiveCfg = Debug|Any CPU
		{D3A807C6-3E31-44AA-8207-BE1B2FC6D04D}.Debug|Any CPU.Build.0 = Debug|Any CPU
		{D3A807C6-3E31-44AA-8207-BE1B2FC6D04D}.Release|Any CPU.ActiveCfg = Release|Any CPU
		{D3A807C6-3E31-44AA-8207-BE1B2FC6D04D}.Release|Any CPU.Build.0 = Release|Any CPU
	EndGlobalSection
	GlobalSection(SolutionProperties) = preSolution
		HideSolutionNode = FALSE
	EndGlobalSection
	GlobalSection(ExtensibilityGlobals) = postSolution
		SolutionGuid = {8A0E423C-B5AD-4B94-BC4B-34DCD19683AD}
	EndGlobalSection
EndGlobal
